// !$*UTF8*$!
{
	archiveVersion = 1;
	classes = {
	};
	objectVersion = 50;
	objects = {

/* Begin PBXBuildFile section */
		FAB80B0C25ED3D59004716A5 /* AppDelegate.swift in Sources */ = {isa = PBXBuildFile; fileRef = FAB80B0B25ED3D59004716A5 /* AppDelegate.swift */; };
		FAB80B0E25ED3D59004716A5 /* SceneDelegate.swift in Sources */ = {isa = PBXBuildFile; fileRef = FAB80B0D25ED3D59004716A5 /* SceneDelegate.swift */; };
		FAB80B1025ED3D59004716A5 /* ViewController.swift in Sources */ = {isa = PBXBuildFile; fileRef = FAB80B0F25ED3D59004716A5 /* ViewController.swift */; };
		FAB80B1325ED3D59004716A5 /* Main.storyboard in Resources */ = {isa = PBXBuildFile; fileRef = FAB80B1125ED3D59004716A5 /* Main.storyboard */; };
		FAB80B1525ED3D5C004716A5 /* Assets.xcassets in Resources */ = {isa = PBXBuildFile; fileRef = FAB80B1425ED3D5C004716A5 /* Assets.xcassets */; };
		FAB80B1825ED3D5C004716A5 /* LaunchScreen.storyboard in Resources */ = {isa = PBXBuildFile; fileRef = FAB80B1625ED3D5C004716A5 /* LaunchScreen.storyboard */; };
		FAB80B2925ED437C004716A5 /* HomeViewController.swift in Sources */ = {isa = PBXBuildFile; fileRef = FAB80B2825ED437C004716A5 /* HomeViewController.swift */; };
		FAB80B2C25ED4395004716A5 /* FavoriteViewController.swift in Sources */ = {isa = PBXBuildFile; fileRef = FAB80B2B25ED4395004716A5 /* FavoriteViewController.swift */; };
		FAB80B3025ED520B004716A5 /* HomeTableViewCell.swift in Sources */ = {isa = PBXBuildFile; fileRef = FAB80B2E25ED520B004716A5 /* HomeTableViewCell.swift */; };
		FAB80B3125ED520B004716A5 /* HomeTableViewCell.xib in Resources */ = {isa = PBXBuildFile; fileRef = FAB80B2F25ED520B004716A5 /* HomeTableViewCell.xib */; };
		FAB80B3525ED5225004716A5 /* FavoriteTableViewCell.swift in Sources */ = {isa = PBXBuildFile; fileRef = FAB80B3325ED5225004716A5 /* FavoriteTableViewCell.swift */; };
		FAB80B3625ED5225004716A5 /* FavoriteTableViewCell.xib in Resources */ = {isa = PBXBuildFile; fileRef = FAB80B3425ED5225004716A5 /* FavoriteTableViewCell.xib */; };
		FAB80B3925ED5479004716A5 /* Support.swift in Sources */ = {isa = PBXBuildFile; fileRef = FAB80B3825ED5479004716A5 /* Support.swift */; };
		FAB80B3C25ED62C1004716A5 /* ForDesign.swift in Sources */ = {isa = PBXBuildFile; fileRef = FAB80B3B25ED62C1004716A5 /* ForDesign.swift */; };
		FAB80B3F25ED6C6C004716A5 /* JsonParsing.swift in Sources */ = {isa = PBXBuildFile; fileRef = FAB80B3E25ED6C6C004716A5 /* JsonParsing.swift */; };
		FAB80B6825ED9074004716A5 /* ProductModel.swift in Sources */ = {isa = PBXBuildFile; fileRef = FAB80B6725ED9074004716A5 /* ProductModel.swift */; };
		FAB80B6B25EDA0EE004716A5 /* Array+Extension.swift in Sources */ = {isa = PBXBuildFile; fileRef = FAB80B6A25EDA0ED004716A5 /* Array+Extension.swift */; };
		FAB80B6E25EDA1D5004716A5 /* HomeViewModel.swift in Sources */ = {isa = PBXBuildFile; fileRef = FAB80B6D25EDA1D5004716A5 /* HomeViewModel.swift */; };
		FAB80B7125EDA1EE004716A5 /* FavoriteViewModel.swift in Sources */ = {isa = PBXBuildFile; fileRef = FAB80B7025EDA1EE004716A5 /* FavoriteViewModel.swift */; };
/* End PBXBuildFile section */

/* Begin PBXFileReference section */
		FAB80B0825ED3D59004716A5 /* ShoppinList.app */ = {isa = PBXFileReference; explicitFileType = wrapper.application; includeInIndex = 0; path = ShoppinList.app; sourceTree = BUILT_PRODUCTS_DIR; };
		FAB80B0B25ED3D59004716A5 /* AppDelegate.swift */ = {isa = PBXFileReference; lastKnownFileType = sourcecode.swift; path = AppDelegate.swift; sourceTree = "<group>"; };
		FAB80B0D25ED3D59004716A5 /* SceneDelegate.swift */ = {isa = PBXFileReference; lastKnownFileType = sourcecode.swift; path = SceneDelegate.swift; sourceTree = "<group>"; };
		FAB80B0F25ED3D59004716A5 /* ViewController.swift */ = {isa = PBXFileReference; lastKnownFileType = sourcecode.swift; path = ViewController.swift; sourceTree = "<group>"; };
		FAB80B1225ED3D59004716A5 /* Base */ = {isa = PBXFileReference; lastKnownFileType = file.storyboard; name = Base; path = Base.lproj/Main.storyboard; sourceTree = "<group>"; };
		FAB80B1425ED3D5C004716A5 /* Assets.xcassets */ = {isa = PBXFileReference; lastKnownFileType = folder.assetcatalog; path = Assets.xcassets; sourceTree = "<group>"; };
		FAB80B1725ED3D5C004716A5 /* Base */ = {isa = PBXFileReference; lastKnownFileType = file.storyboard; name = Base; path = Base.lproj/LaunchScreen.storyboard; sourceTree = "<group>"; };
		FAB80B1925ED3D5C004716A5 /* Info.plist */ = {isa = PBXFileReference; lastKnownFileType = text.plist.xml; path = Info.plist; sourceTree = "<group>"; };
		FAB80B2825ED437C004716A5 /* HomeViewController.swift */ = {isa = PBXFileReference; lastKnownFileType = sourcecode.swift; path = HomeViewController.swift; sourceTree = "<group>"; };
		FAB80B2B25ED4395004716A5 /* FavoriteViewController.swift */ = {isa = PBXFileReference; lastKnownFileType = sourcecode.swift; path = FavoriteViewController.swift; sourceTree = "<group>"; };
		FAB80B2E25ED520B004716A5 /* HomeTableViewCell.swift */ = {isa = PBXFileReference; lastKnownFileType = sourcecode.swift; path = HomeTableViewCell.swift; sourceTree = "<group>"; };
		FAB80B2F25ED520B004716A5 /* HomeTableViewCell.xib */ = {isa = PBXFileReference; lastKnownFileType = file.xib; path = HomeTableViewCell.xib; sourceTree = "<group>"; };
		FAB80B3325ED5225004716A5 /* FavoriteTableViewCell.swift */ = {isa = PBXFileReference; lastKnownFileType = sourcecode.swift; path = FavoriteTableViewCell.swift; sourceTree = "<group>"; };
		FAB80B3425ED5225004716A5 /* FavoriteTableViewCell.xib */ = {isa = PBXFileReference; lastKnownFileType = file.xib; path = FavoriteTableViewCell.xib; sourceTree = "<group>"; };
		FAB80B3825ED5479004716A5 /* Support.swift */ = {isa = PBXFileReference; lastKnownFileType = sourcecode.swift; path = Support.swift; sourceTree = "<group>"; };
		FAB80B3B25ED62C1004716A5 /* ForDesign.swift */ = {isa = PBXFileReference; lastKnownFileType = sourcecode.swift; path = ForDesign.swift; sourceTree = "<group>"; };
		FAB80B3E25ED6C6C004716A5 /* JsonParsing.swift */ = {isa = PBXFileReference; lastKnownFileType = sourcecode.swift; path = JsonParsing.swift; sourceTree = "<group>"; };
		FAB80B6725ED9074004716A5 /* ProductModel.swift */ = {isa = PBXFileReference; lastKnownFileType = sourcecode.swift; path = ProductModel.swift; sourceTree = "<group>"; };
		FAB80B6A25EDA0ED004716A5 /* Array+Extension.swift */ = {isa = PBXFileReference; lastKnownFileType = sourcecode.swift; path = "Array+Extension.swift"; sourceTree = "<group>"; };
		FAB80B6D25EDA1D5004716A5 /* HomeViewModel.swift */ = {isa = PBXFileReference; lastKnownFileType = sourcecode.swift; path = HomeViewModel.swift; sourceTree = "<group>"; };
		FAB80B7025EDA1EE004716A5 /* FavoriteViewModel.swift */ = {isa = PBXFileReference; lastKnownFileType = sourcecode.swift; path = FavoriteViewModel.swift; sourceTree = "<group>"; };
/* End PBXFileReference section */

/* Begin PBXFrameworksBuildPhase section */
		FAB80B0525ED3D59004716A5 /* Frameworks */ = {
			isa = PBXFrameworksBuildPhase;
			buildActionMask = 2147483647;
			files = (
			);
			runOnlyForDeploymentPostprocessing = 0;
		};
/* End PBXFrameworksBuildPhase section */

/* Begin PBXGroup section */
		FAB80AFF25ED3D59004716A5 = {
			isa = PBXGroup;
			children = (
				FAB80B0A25ED3D59004716A5 /* ShoppinList */,
				FAB80B0925ED3D59004716A5 /* Products */,
			);
			sourceTree = "<group>";
		};
		FAB80B0925ED3D59004716A5 /* Products */ = {
			isa = PBXGroup;
			children = (
				FAB80B0825ED3D59004716A5 /* ShoppinList.app */,
			);
			name = Products;
			sourceTree = "<group>";
		};
		FAB80B0A25ED3D59004716A5 /* ShoppinList */ = {
			isa = PBXGroup;
			children = (
				FAB80B0B25ED3D59004716A5 /* AppDelegate.swift */,
				FAB80B0D25ED3D59004716A5 /* SceneDelegate.swift */,
				FAB80B2325ED3FF7004716A5 /* Model */,
				FAB80B2225ED3FF4004716A5 /* Views */,
				FAB80B2125ED3FF1004716A5 /* ViewController */,
				FAB80B2025ED3FED004716A5 /* ViewModel */,
				FAB80B2525ED405F004716A5 /* worker */,
				FAB80B2425ED4045004716A5 /* supportingFile */,
				FAB80B0F25ED3D59004716A5 /* ViewController.swift */,
				FAB80B1425ED3D5C004716A5 /* Assets.xcassets */,
				FAB80B1625ED3D5C004716A5 /* LaunchScreen.storyboard */,
				FAB80B1925ED3D5C004716A5 /* Info.plist */,
			);
			path = ShoppinList;
			sourceTree = "<group>";
		};
		FAB80B2025ED3FED004716A5 /* ViewModel */ = {
			isa = PBXGroup;
			children = (
				FAB80B6D25EDA1D5004716A5 /* HomeViewModel.swift */,
				FAB80B7025EDA1EE004716A5 /* FavoriteViewModel.swift */,
			);
			path = ViewModel;
			sourceTree = "<group>";
		};
		FAB80B2125ED3FF1004716A5 /* ViewController */ = {
			isa = PBXGroup;
			children = (
				FAB80B2825ED437C004716A5 /* HomeViewController.swift */,
				FAB80B2B25ED4395004716A5 /* FavoriteViewController.swift */,
			);
			path = ViewController;
			sourceTree = "<group>";
		};
		FAB80B2225ED3FF4004716A5 /* Views */ = {
			isa = PBXGroup;
			children = (
				FAB80B2625ED409C004716A5 /* Cells */,
				FAB80B1125ED3D59004716A5 /* Main.storyboard */,
			);
			path = Views;
			sourceTree = "<group>";
		};
		FAB80B2325ED3FF7004716A5 /* Model */ = {
			isa = PBXGroup;
			children = (
				FAB80B6725ED9074004716A5 /* ProductModel.swift */,
			);
			path = Model;
			sourceTree = "<group>";
		};
		FAB80B2425ED4045004716A5 /* supportingFile */ = {
			isa = PBXGroup;
			children = (
				FAB80B3825ED5479004716A5 /* Support.swift */,
				FAB80B3B25ED62C1004716A5 /* ForDesign.swift */,
				FAB80B6A25EDA0ED004716A5 /* Array+Extension.swift */,
			);
			path = supportingFile;
			sourceTree = "<group>";
		};
		FAB80B2525ED405F004716A5 /* worker */ = {
			isa = PBXGroup;
			children = (
				FAB80B3E25ED6C6C004716A5 /* JsonParsing.swift */,
			);
			path = worker;
			sourceTree = "<group>";
		};
		FAB80B2625ED409C004716A5 /* Cells */ = {
			isa = PBXGroup;
			children = (
				FAB80B2E25ED520B004716A5 /* HomeTableViewCell.swift */,
				FAB80B2F25ED520B004716A5 /* HomeTableViewCell.xib */,
				FAB80B3325ED5225004716A5 /* FavoriteTableViewCell.swift */,
				FAB80B3425ED5225004716A5 /* FavoriteTableViewCell.xib */,
			);
			path = Cells;
			sourceTree = "<group>";
		};
/* End PBXGroup section */

/* Begin PBXNativeTarget section */
		FAB80B0725ED3D59004716A5 /* ShoppinList */ = {
			isa = PBXNativeTarget;
			buildConfigurationList = FAB80B1C25ED3D5C004716A5 /* Build configuration list for PBXNativeTarget "ShoppinList" */;
			buildPhases = (
				FAB80B0425ED3D59004716A5 /* Sources */,
				FAB80B0525ED3D59004716A5 /* Frameworks */,
				FAB80B0625ED3D59004716A5 /* Resources */,
			);
			buildRules = (
			);
			dependencies = (
			);
			name = ShoppinList;
			productName = ShoppinList;
			productReference = FAB80B0825ED3D59004716A5 /* ShoppinList.app */;
			productType = "com.apple.product-type.application";
		};
/* End PBXNativeTarget section */

/* Begin PBXProject section */
		FAB80B0025ED3D59004716A5 /* Project object */ = {
			isa = PBXProject;
			attributes = {
				LastSwiftUpdateCheck = 1240;
				LastUpgradeCheck = 1240;
				TargetAttributes = {
					FAB80B0725ED3D59004716A5 = {
						CreatedOnToolsVersion = 12.4;
					};
				};
			};
			buildConfigurationList = FAB80B0325ED3D59004716A5 /* Build configuration list for PBXProject "ShoppinList" */;
			compatibilityVersion = "Xcode 9.3";
			developmentRegion = en;
			hasScannedForEncodings = 0;
			knownRegions = (
				en,
				Base,
			);
			mainGroup = FAB80AFF25ED3D59004716A5;
			productRefGroup = FAB80B0925ED3D59004716A5 /* Products */;
			projectDirPath = "";
			projectRoot = "";
			targets = (
				FAB80B0725ED3D59004716A5 /* ShoppinList */,
			);
		};
/* End PBXProject section */

/* Begin PBXResourcesBuildPhase section */
		FAB80B0625ED3D59004716A5 /* Resources */ = {
			isa = PBXResourcesBuildPhase;
			buildActionMask = 2147483647;
			files = (
				FAB80B1825ED3D5C004716A5 /* LaunchScreen.storyboard in Resources */,
				FAB80B1525ED3D5C004716A5 /* Assets.xcassets in Resources */,
				FAB80B3625ED5225004716A5 /* FavoriteTableViewCell.xib in Resources */,
				FAB80B3125ED520B004716A5 /* HomeTableViewCell.xib in Resources */,
				FAB80B1325ED3D59004716A5 /* Main.storyboard in Resources */,
			);
			runOnlyForDeploymentPostprocessing = 0;
		};
/* End PBXResourcesBuildPhase section */

/* Begin PBXSourcesBuildPhase section */
		FAB80B0425ED3D59004716A5 /* Sources */ = {
			isa = PBXSourcesBuildPhase;
			buildActionMask = 2147483647;
			files = (
				FAB80B3C25ED62C1004716A5 /* ForDesign.swift in Sources */,
				FAB80B3025ED520B004716A5 /* HomeTableViewCell.swift in Sources */,
				FAB80B1025ED3D59004716A5 /* ViewController.swift in Sources */,
				FAB80B6B25EDA0EE004716A5 /* Array+Extension.swift in Sources */,
				FAB80B0C25ED3D59004716A5 /* AppDelegate.swift in Sources */,
				FAB80B0E25ED3D59004716A5 /* SceneDelegate.swift in Sources */,
				FAB80B7125EDA1EE004716A5 /* FavoriteViewModel.swift in Sources */,
				FAB80B2925ED437C004716A5 /* HomeViewController.swift in Sources */,
				FAB80B3F25ED6C6C004716A5 /* JsonParsing.swift in Sources */,
				FAB80B6E25EDA1D5004716A5 /* HomeViewModel.swift in Sources */,
				FAB80B6825ED9074004716A5 /* ProductModel.swift in Sources */,
				FAB80B3925ED5479004716A5 /* Support.swift in Sources */,
				FAB80B3525ED5225004716A5 /* FavoriteTableViewCell.swift in Sources */,
				FAB80B2C25ED4395004716A5 /* FavoriteViewController.swift in Sources */,
			);
			runOnlyForDeploymentPostprocessing = 0;
		};
/* End PBXSourcesBuildPhase section */

/* Begin PBXVariantGroup section */
		FAB80B1125ED3D59004716A5 /* Main.storyboard */ = {
			isa = PBXVariantGroup;
			children = (
				FAB80B1225ED3D59004716A5 /* Base */,
			);
			name = Main.storyboard;
			sourceTree = "<group>";
		};
		FAB80B1625ED3D5C004716A5 /* LaunchScreen.storyboard */ = {
			isa = PBXVariantGroup;
			children = (
				FAB80B1725ED3D5C004716A5 /* Base */,
			);
			name = LaunchScreen.storyboard;
			sourceTree = "<group>";
		};
/* End PBXVariantGroup section */

/* Begin XCBuildConfiguration section */
		FAB80B1A25ED3D5C004716A5 /* Debug */ = {
			isa = XCBuildConfiguration;
			buildSettings = {
				ALWAYS_SEARCH_USER_PATHS = NO;
				CLANG_ANALYZER_NONNULL = YES;
				CLANG_ANALYZER_NUMBER_OBJECT_CONVERSION = YES_AGGRESSIVE;
				CLANG_CXX_LANGUAGE_STANDARD = "gnu++14";
				CLANG_CXX_LIBRARY = "libc++";
				CLANG_ENABLE_MODULES = YES;
				CLANG_ENABLE_OBJC_ARC = YES;
				CLANG_ENABLE_OBJC_WEAK = YES;
				CLANG_WARN_BLOCK_CAPTURE_AUTORELEASING = YES;
				CLANG_WARN_BOOL_CONVERSION = YES;
				CLANG_WARN_COMMA = YES;
				CLANG_WARN_CONSTANT_CONVERSION = YES;
				CLANG_WARN_DEPRECATED_OBJC_IMPLEMENTATIONS = YES;
				CLANG_WARN_DIRECT_OBJC_ISA_USAGE = YES_ERROR;
				CLANG_WARN_DOCUMENTATION_COMMENTS = YES;
				CLANG_WARN_EMPTY_BODY = YES;
				CLANG_WARN_ENUM_CONVERSION = YES;
				CLANG_WARN_INFINITE_RECURSION = YES;
				CLANG_WARN_INT_CONVERSION = YES;
				CLANG_WARN_NON_LITERAL_NULL_CONVERSION = YES;
				CLANG_WARN_OBJC_IMPLICIT_RETAIN_SELF = YES;
				CLANG_WARN_OBJC_LITERAL_CONVERSION = YES;
				CLANG_WARN_OBJC_ROOT_CLASS = YES_ERROR;
				CLANG_WARN_QUOTED_INCLUDE_IN_FRAMEWORK_HEADER = YES;
				CLANG_WARN_RANGE_LOOP_ANALYSIS = YES;
				CLANG_WARN_STRICT_PROTOTYPES = YES;
				CLANG_WARN_SUSPICIOUS_MOVE = YES;
				CLANG_WARN_UNGUARDED_AVAILABILITY = YES_AGGRESSIVE;
				CLANG_WARN_UNREACHABLE_CODE = YES;
				CLANG_WARN__DUPLICATE_METHOD_MATCH = YES;
				COPY_PHASE_STRIP = NO;
				DEBUG_INFORMATION_FORMAT = dwarf;
				ENABLE_STRICT_OBJC_MSGSEND = YES;
				ENABLE_TESTABILITY = YES;
				GCC_C_LANGUAGE_STANDARD = gnu11;
				GCC_DYNAMIC_NO_PIC = NO;
				GCC_NO_COMMON_BLOCKS = YES;
				GCC_OPTIMIZATION_LEVEL = 0;
				GCC_PREPROCESSOR_DEFINITIONS = (
					"DEBUG=1",
					"$(inherited)",
				);
				GCC_WARN_64_TO_32_BIT_CONVERSION = YES;
				GCC_WARN_ABOUT_RETURN_TYPE = YES_ERROR;
				GCC_WARN_UNDECLARED_SELECTOR = YES;
				GCC_WARN_UNINITIALIZED_AUTOS = YES_AGGRESSIVE;
				GCC_WARN_UNUSED_FUNCTION = YES;
				GCC_WARN_UNUSED_VARIABLE = YES;
				IPHONEOS_DEPLOYMENT_TARGET = 14.4;
				MTL_ENABLE_DEBUG_INFO = INCLUDE_SOURCE;
				MTL_FAST_MATH = YES;
				ONLY_ACTIVE_ARCH = YES;
				SDKROOT = iphoneos;
				SWIFT_ACTIVE_COMPILATION_CONDITIONS = DEBUG;
				SWIFT_OPTIMIZATION_LEVEL = "-Onone";
			};
			name = Debug;
		};
		FAB80B1B25ED3D5C004716A5 /* Release */ = {
			isa = XCBuildConfiguration;
			buildSettings = {
				ALWAYS_SEARCH_USER_PATHS = NO;
				CLANG_ANALYZER_NONNULL = YES;
				CLANG_ANALYZER_NUMBER_OBJECT_CONVERSION = YES_AGGRESSIVE;
				CLANG_CXX_LANGUAGE_STANDARD = "gnu++14";
				CLANG_CXX_LIBRARY = "libc++";
				CLANG_ENABLE_MODULES = YES;
				CLANG_ENABLE_OBJC_ARC = YES;
				CLANG_ENABLE_OBJC_WEAK = YES;
				CLANG_WARN_BLOCK_CAPTURE_AUTORELEASING = YES;
				CLANG_WARN_BOOL_CONVERSION = YES;
				CLANG_WARN_COMMA = YES;
				CLANG_WARN_CONSTANT_CONVERSION = YES;
				CLANG_WARN_DEPRECATED_OBJC_IMPLEMENTATIONS = YES;
				CLANG_WARN_DIRECT_OBJC_ISA_USAGE = YES_ERROR;
				CLANG_WARN_DOCUMENTATION_COMMENTS = YES;
				CLANG_WARN_EMPTY_BODY = YES;
				CLANG_WARN_ENUM_CONVERSION = YES;
				CLANG_WARN_INFINITE_RECURSION = YES;
				CLANG_WARN_INT_CONVERSION = YES;
				CLANG_WARN_NON_LITERAL_NULL_CONVERSION = YES;
				CLANG_WARN_OBJC_IMPLICIT_RETAIN_SELF = YES;
				CLANG_WARN_OBJC_LITERAL_CONVERSION = YES;
				CLANG_WARN_OBJC_ROOT_CLASS = YES_ERROR;
				CLANG_WARN_QUOTED_INCLUDE_IN_FRAMEWORK_HEADER = YES;
				CLANG_WARN_RANGE_LOOP_ANALYSIS = YES;
				CLANG_WARN_STRICT_PROTOTYPES = YES;
				CLANG_WARN_SUSPICIOUS_MOVE = YES;
				CLANG_WARN_UNGUARDED_AVAILABILITY = YES_AGGRESSIVE;
				CLANG_WARN_UNREACHABLE_CODE = YES;
				CLANG_WARN__DUPLICATE_METHOD_MATCH = YES;
				COPY_PHASE_STRIP = NO;
				DEBUG_INFORMATION_FORMAT = "dwarf-with-dsym";
				ENABLE_NS_ASSERTIONS = NO;
				ENABLE_STRICT_OBJC_MSGSEND = YES;
				GCC_C_LANGUAGE_STANDARD = gnu11;
				GCC_NO_COMMON_BLOCKS = YES;
				GCC_WARN_64_TO_32_BIT_CONVERSION = YES;
				GCC_WARN_ABOUT_RETURN_TYPE = YES_ERROR;
				GCC_WARN_UNDECLARED_SELECTOR = YES;
				GCC_WARN_UNINITIALIZED_AUTOS = YES_AGGRESSIVE;
				GCC_WARN_UNUSED_FUNCTION = YES;
				GCC_WARN_UNUSED_VARIABLE = YES;
				IPHONEOS_DEPLOYMENT_TARGET = 14.4;
				MTL_ENABLE_DEBUG_INFO = NO;
				MTL_FAST_MATH = YES;
				SDKROOT = iphoneos;
				SWIFT_COMPILATION_MODE = wholemodule;
				SWIFT_OPTIMIZATION_LEVEL = "-O";
				VALIDATE_PRODUCT = YES;
			};
			name = Release;
		};
		FAB80B1D25ED3D5C004716A5 /* Debug */ = {
			isa = XCBuildConfiguration;
			buildSettings = {
				ASSETCATALOG_COMPILER_APPICON_NAME = AppIcon;
				ASSETCATALOG_COMPILER_GLOBAL_ACCENT_COLOR_NAME = AccentColor;
				CODE_SIGN_STYLE = Automatic;
				INFOPLIST_FILE = ShoppinList/Info.plist;
				LD_RUNPATH_SEARCH_PATHS = (
					"$(inherited)",
					"@executable_path/Frameworks",
				);
				PRODUCT_BUNDLE_IDENTIFIER = com.hamed.ShoppinList;
				PRODUCT_NAME = "$(TARGET_NAME)";
				SWIFT_VERSION = 5.0;
				TARGETED_DEVICE_FAMILY = "1,2";
			};
			name = Debug;
		};
		FAB80B1E25ED3D5C004716A5 /* Release */ = {
			isa = XCBuildConfiguration;
			buildSettings = {
				ASSETCATALOG_COMPILER_APPICON_NAME = AppIcon;
				ASSETCATALOG_COMPILER_GLOBAL_ACCENT_COLOR_NAME = AccentColor;
				CODE_SIGN_STYLE = Automatic;
				INFOPLIST_FILE = ShoppinList/Info.plist;
				LD_RUNPATH_SEARCH_PATHS = (
					"$(inherited)",
					"@executable_path/Frameworks",
				);
				PRODUCT_BUNDLE_IDENTIFIER = com.hamed.ShoppinList;
				PRODUCT_NAME = "$(TARGET_NAME)";
				SWIFT_VERSION = 5.0;
				TARGETED_DEVICE_FAMILY = "1,2";
			};
			name = Release;
		};
/* End XCBuildConfiguration section */

/* Begin XCConfigurationList section */
		FAB80B0325ED3D59004716A5 /* Build configuration list for PBXProject "ShoppinList" */ = {
			isa = XCConfigurationList;
			buildConfigurations = (
				FAB80B1A25ED3D5C004716A5 /* Debug */,
				FAB80B1B25ED3D5C004716A5 /* Release */,
			);
			defaultConfigurationIsVisible = 0;
			defaultConfigurationName = Release;
		};
		FAB80B1C25ED3D5C004716A5 /* Build configuration list for PBXNativeTarget "ShoppinList" */ = {
			isa = XCConfigurationList;
			buildConfigurations = (
				FAB80B1D25ED3D5C004716A5 /* Debug */,
				FAB80B1E25ED3D5C004716A5 /* Release */,
			);
			defaultConfigurationIsVisible = 0;
			defaultConfigurationName = Release;
		};
/* End XCConfigurationList section */
	};
	rootObject = FAB80B0025ED3D59004716A5 /* Project object */;
}
